
Microsoft Visual Studio Solution File, Format Version 12.00
# Visual Studio 15
VisualStudioVersion = 15.0.26228.9
MinimumVisualStudioVersion = 10.0.40219.1
Project("{FAE04EC0-301F-11D3-BF4B-00C04F79EFBC}") = "AndroidPost", "AndroidPost\AndroidPost.csproj", "{DDDBD708-1069-4ABE-A1CD-22E1AAE1546C}"
EndProject
Project("{FAE04EC0-301F-11D3-BF4B-00C04F79EFBC}") = "AndroidHelper", "AndroidHelper\AndroidHelper.csproj", "{CE0715AB-9018-4BBE-A90D-D49D80DB22E8}"
EndProject
Project("{FAE04EC0-301F-11D3-BF4B-00C04F79EFBC}") = "WebSocketServer", "WebSocketServer\WebSocketServer.csproj", "{14BC1C87-7730-4893-9CA9-DB66CDA10322}"
EndProject
Project("{FAE04EC0-301F-11D3-BF4B-00C04F79EFBC}") = "WebSocketTest", "WebSocketTest\WebSocketTest.csproj", "{D3A6AC37-1351-42F9-96A4-8417E76BD41A}"
EndProject
Global
	GlobalSection(SolutionConfigurationPlatforms) = preSolution
		Debug|Any CPU = Debug|Any CPU
		Release|Any CPU = Release|Any CPU
	EndGlobalSection
	GlobalSection(ProjectConfigurationPlatforms) = postSolution
		{DDDBD708-1069-4ABE-A1CD-22E1AAE1546C}.Debug|Any CPU.ActiveCfg = Debug|Any CPU
		{DDDBD708-1069-4ABE-A1CD-22E1AAE1546C}.Debug|Any CPU.Build.0 = Debug|Any CPU
		{DDDBD708-1069-4ABE-A1CD-22E1AAE1546C}.Release|Any CPU.ActiveCfg = Release|Any CPU
		{DDDBD708-1069-4ABE-A1CD-22E1AAE1546C}.Release|Any CPU.Build.0 = Release|Any CPU
		{CE0715AB-9018-4BBE-A90D-D49D80DB22E8}.Debug|Any CPU.ActiveCfg = Debug|Any CPU
		{CE0715AB-9018-4BBE-A90D-D49D80DB22E8}.Debug|Any CPU.Build.0 = Debug|Any CPU
		{CE0715AB-9018-4BBE-A90D-D49D80DB22E8}.Release|Any CPU.ActiveCfg = Release|Any CPU
		{CE0715AB-9018-4BBE-A90D-D49D80DB22E8}.Release|Any CPU.Build.0 = Release|Any CPU
		{14BC1C87-7730-4893-9CA9-DB66CDA10322}.Debug|Any CPU.ActiveCfg = Debug|Any CPU
		{14BC1C87-7730-4893-9CA9-DB66CDA10322}.Debug|Any CPU.Build.0 = Debug|Any CPU
		{14BC1C87-7730-4893-9CA9-DB66CDA10322}.Release|Any CPU.ActiveCfg = Release|Any CPU
		{14BC1C87-7730-4893-9CA9-DB66CDA10322}.Release|Any CPU.Build.0 = Release|Any CPU
		{D3A6AC37-1351-42F9-96A4-8417E76BD41A}.Debug|Any CPU.ActiveCfg = Debug|Any CPU
		{D3A6AC37-1351-42F9-96A4-8417E76BD41A}.Debug|Any CPU.Build.0 = Debug|Any CPU
		{D3A6AC37-1351-42F9-96A4-8417E76BD41A}.Release|Any CPU.ActiveCfg = Release|Any CPU
		{D3A6AC37-1351-42F9-96A4-8417E76BD41A}.Release|Any CPU.Build.0 = Release|Any CPU
	EndGlobalSection
	GlobalSection(SolutionProperties) = preSolution
		HideSolutionNode = FALSE
	EndGlobalSection
EndGlobal
